// !$*UTF8*$!
{
	archiveVersion = 1;
	classes = {
	};
	objectVersion = 77;
	objects = {

/* Begin PBXBuildFile section */
		594E51302D9C3EFC005DD047 /* ConstellationSDK.framework in Frameworks */ = {isa = PBXBuildFile; fileRef = 594E512F2D9C3EFC005DD047 /* ConstellationSDK.framework */; };
		594E51312D9C3EFC005DD047 /* ConstellationSDK.framework in Embed Frameworks */ = {isa = PBXBuildFile; fileRef = 594E512F2D9C3EFC005DD047 /* ConstellationSDK.framework */; settings = {ATTRIBUTES = (CodeSignOnCopy, RemoveHeadersOnCopy, ); }; };
		59D7E91F2D9D400500C2B1A1 /* SampleMockedApp.xctestplan in Resources */ = {isa = PBXBuildFile; fileRef = 59D7E91E2D9D400500C2B1A1 /* SampleMockedApp.xctestplan */; };
/* End PBXBuildFile section */

/* Begin PBXContainerItemProxy section */
		594E511B2D9C3ED7005DD047 /* PBXContainerItemProxy */ = {
			isa = PBXContainerItemProxy;
			containerPortal = 594E50F22D9C3ED3005DD047 /* Project object */;
			proxyType = 1;
			remoteGlobalIDString = 594E50F92D9C3ED3005DD047;
			remoteInfo = SampleMockedApp;
		};
/* End PBXContainerItemProxy section */

/* Begin PBXCopyFilesBuildPhase section */
		594E51322D9C3EFC005DD047 /* Embed Frameworks */ = {
			isa = PBXCopyFilesBuildPhase;
			buildActionMask = 2147483647;
			dstPath = "";
			dstSubfolderSpec = 10;
			files = (
				594E51312D9C3EFC005DD047 /* ConstellationSDK.framework in Embed Frameworks */,
			);
			name = "Embed Frameworks";
			runOnlyForDeploymentPostprocessing = 0;
		};
/* End PBXCopyFilesBuildPhase section */

/* Begin PBXFileReference section */
		594E50FA2D9C3ED3005DD047 /* SampleMockedApp.app */ = {isa = PBXFileReference; explicitFileType = wrapper.application; includeInIndex = 0; path = SampleMockedApp.app; sourceTree = BUILT_PRODUCTS_DIR; };
		594E511A2D9C3ED7005DD047 /* SampleMockedAppUITests.xctest */ = {isa = PBXFileReference; explicitFileType = wrapper.cfbundle; includeInIndex = 0; path = SampleMockedAppUITests.xctest; sourceTree = BUILT_PRODUCTS_DIR; };
		594E512F2D9C3EFC005DD047 /* ConstellationSDK.framework */ = {isa = PBXFileReference; explicitFileType = wrapper.framework; path = ConstellationSDK.framework; sourceTree = BUILT_PRODUCTS_DIR; };
		59D7E91E2D9D400500C2B1A1 /* SampleMockedApp.xctestplan */ = {isa = PBXFileReference; lastKnownFileType = text; path = SampleMockedApp.xctestplan; sourceTree = "<group>"; };
/* End PBXFileReference section */

/* Begin PBXFileSystemSynchronizedBuildFileExceptionSet section */
		594E51222D9C3ED7005DD047 /* Exceptions for "SampleMockedApp" folder in "SampleMockedApp" target */ = {
			isa = PBXFileSystemSynchronizedBuildFileExceptionSet;
			membershipExceptions = (
				Info.plist,
				MockedResponses/responses/README.md,
			);
			target = 594E50F92D9C3ED3005DD047 /* SampleMockedApp */;
		};
/* End PBXFileSystemSynchronizedBuildFileExceptionSet section */

/* Begin PBXFileSystemSynchronizedRootGroup section */
		594E50FC2D9C3ED3005DD047 /* SampleMockedApp */ = {
			isa = PBXFileSystemSynchronizedRootGroup;
			exceptions = (
				594E51222D9C3ED7005DD047 /* Exceptions for "SampleMockedApp" folder in "SampleMockedApp" target */,
			);
			path = SampleMockedApp;
			sourceTree = "<group>";
		};
		594E511D2D9C3ED7005DD047 /* SampleMockedAppUITests */ = {
			isa = PBXFileSystemSynchronizedRootGroup;
			path = SampleMockedAppUITests;
			sourceTree = "<group>";
		};
/* End PBXFileSystemSynchronizedRootGroup section */

/* Begin PBXFrameworksBuildPhase section */
		594E50F72D9C3ED3005DD047 /* Frameworks */ = {
			isa = PBXFrameworksBuildPhase;
			buildActionMask = 2147483647;
			files = (
				594E51302D9C3EFC005DD047 /* ConstellationSDK.framework in Frameworks */,
			);
			runOnlyForDeploymentPostprocessing = 0;
		};
		594E51172D9C3ED7005DD047 /* Frameworks */ = {
			isa = PBXFrameworksBuildPhase;
			buildActionMask = 2147483647;
			files = (
			);
			runOnlyForDeploymentPostprocessing = 0;
		};
/* End PBXFrameworksBuildPhase section */

/* Begin PBXGroup section */
		594E50F12D9C3ED3005DD047 = {
			isa = PBXGroup;
			children = (
				594E50FC2D9C3ED3005DD047 /* SampleMockedApp */,
				594E511D2D9C3ED7005DD047 /* SampleMockedAppUITests */,
				594E512E2D9C3EF3005DD047 /* Frameworks */,
				594E50FB2D9C3ED3005DD047 /* Products */,
				59D7E91E2D9D400500C2B1A1 /* SampleMockedApp.xctestplan */,
			);
			sourceTree = "<group>";
		};
		594E50FB2D9C3ED3005DD047 /* Products */ = {
			isa = PBXGroup;
			children = (
				594E50FA2D9C3ED3005DD047 /* SampleMockedApp.app */,
				594E511A2D9C3ED7005DD047 /* SampleMockedAppUITests.xctest */,
			);
			name = Products;
			sourceTree = "<group>";
		};
		594E512E2D9C3EF3005DD047 /* Frameworks */ = {
			isa = PBXGroup;
			children = (
				594E512F2D9C3EFC005DD047 /* ConstellationSDK.framework */,
			);
			name = Frameworks;
			sourceTree = "<group>";
		};
/* End PBXGroup section */

/* Begin PBXNativeTarget section */
		594E50F92D9C3ED3005DD047 /* SampleMockedApp */ = {
			isa = PBXNativeTarget;
			buildConfigurationList = 594E51232D9C3ED7005DD047 /* Build configuration list for PBXNativeTarget "SampleMockedApp" */;
			buildPhases = (
				594E50F62D9C3ED3005DD047 /* Sources */,
				594E50F72D9C3ED3005DD047 /* Frameworks */,
				594E50F82D9C3ED3005DD047 /* Resources */,
				594E51322D9C3EFC005DD047 /* Embed Frameworks */,
			);
			buildRules = (
			);
			dependencies = (
			);
			fileSystemSynchronizedGroups = (
				594E50FC2D9C3ED3005DD047 /* SampleMockedApp */,
			);
			name = SampleMockedApp;
			packageProductDependencies = (
			);
			productName = SampleMockedApp;
			productReference = 594E50FA2D9C3ED3005DD047 /* SampleMockedApp.app */;
			productType = "com.apple.product-type.application";
		};
		594E51192D9C3ED7005DD047 /* SampleMockedAppUITests */ = {
			isa = PBXNativeTarget;
			buildConfigurationList = 594E512B2D9C3ED7005DD047 /* Build configuration list for PBXNativeTarget "SampleMockedAppUITests" */;
			buildPhases = (
				594E51162D9C3ED7005DD047 /* Sources */,
				594E51172D9C3ED7005DD047 /* Frameworks */,
				594E51182D9C3ED7005DD047 /* Resources */,
			);
			buildRules = (
			);
			dependencies = (
				594E511C2D9C3ED7005DD047 /* PBXTargetDependency */,
			);
			fileSystemSynchronizedGroups = (
				594E511D2D9C3ED7005DD047 /* SampleMockedAppUITests */,
			);
			name = SampleMockedAppUITests;
			packageProductDependencies = (
			);
			productName = SampleMockedAppUITests;
			productReference = 594E511A2D9C3ED7005DD047 /* SampleMockedAppUITests.xctest */;
			productType = "com.apple.product-type.bundle.ui-testing";
		};
/* End PBXNativeTarget section */

/* Begin PBXProject section */
		594E50F22D9C3ED3005DD047 /* Project object */ = {
			isa = PBXProject;
			attributes = {
				BuildIndependentTargetsInParallel = 1;
				LastSwiftUpdateCheck = 1600;
				LastUpgradeCheck = 1600;
				TargetAttributes = {
					594E50F92D9C3ED3005DD047 = {
						CreatedOnToolsVersion = 16.0;
					};
					594E51192D9C3ED7005DD047 = {
						CreatedOnToolsVersion = 16.0;
						TestTargetID = 594E50F92D9C3ED3005DD047;
					};
				};
			};
			buildConfigurationList = 594E50F52D9C3ED3005DD047 /* Build configuration list for PBXProject "SampleMockedApp" */;
			developmentRegion = en;
			hasScannedForEncodings = 0;
			knownRegions = (
				en,
				Base,
			);
			mainGroup = 594E50F12D9C3ED3005DD047;
			minimizedProjectReferenceProxies = 1;
			preferredProjectObjectVersion = 77;
			productRefGroup = 594E50FB2D9C3ED3005DD047 /* Products */;
			projectDirPath = "";
			projectRoot = "";
			targets = (
				594E50F92D9C3ED3005DD047 /* SampleMockedApp */,
				594E51192D9C3ED7005DD047 /* SampleMockedAppUITests */,
			);
		};
/* End PBXProject section */

/* Begin PBXResourcesBuildPhase section */
		594E50F82D9C3ED3005DD047 /* Resources */ = {
			isa = PBXResourcesBuildPhase;
			buildActionMask = 2147483647;
			files = (
				59D7E91F2D9D400500C2B1A1 /* SampleMockedApp.xctestplan in Resources */,
			);
			runOnlyForDeploymentPostprocessing = 0;
		};
		594E51182D9C3ED7005DD047 /* Resources */ = {
			isa = PBXResourcesBuildPhase;
			buildActionMask = 2147483647;
			files = (
			);
			runOnlyForDeploymentPostprocessing = 0;
		};
/* End PBXResourcesBuildPhase section */

/* Begin PBXSourcesBuildPhase section */
		594E50F62D9C3ED3005DD047 /* Sources */ = {
			isa = PBXSourcesBuildPhase;
			buildActionMask = 2147483647;
			files = (
			);
			runOnlyForDeploymentPostprocessing = 0;
		};
		594E51162D9C3ED7005DD047 /* Sources */ = {
			isa = PBXSourcesBuildPhase;
			buildActionMask = 2147483647;
			files = (
			);
			runOnlyForDeploymentPostprocessing = 0;
		};
/* End PBXSourcesBuildPhase section */

/* Begin PBXTargetDependency section */
		594E511C2D9C3ED7005DD047 /* PBXTargetDependency */ = {
			isa = PBXTargetDependency;
			target = 594E50F92D9C3ED3005DD047 /* SampleMockedApp */;
			targetProxy = 594E511B2D9C3ED7005DD047 /* PBXContainerItemProxy */;
		};
/* End PBXTargetDependency section */

/* Begin XCBuildConfiguration section */
		594E51242D9C3ED7005DD047 /* Debug */ = {
			isa = XCBuildConfiguration;
			buildSettings = {
				ASSETCATALOG_COMPILER_APPICON_NAME = AppIcon;
				ASSETCATALOG_COMPILER_GLOBAL_ACCENT_COLOR_NAME = AccentColor;
				CODE_SIGN_STYLE = Automatic;
				CURRENT_PROJECT_VERSION = 1;
				GENERATE_INFOPLIST_FILE = YES;
				INFOPLIST_FILE = SampleMockedApp/Info.plist;
				INFOPLIST_KEY_UIApplicationSupportsIndirectInputEvents = YES;
				INFOPLIST_KEY_UILaunchStoryboardName = LaunchScreen;
				INFOPLIST_KEY_UIMainStoryboardFile = Main;
				INFOPLIST_KEY_UISupportedInterfaceOrientations_iPad = "UIInterfaceOrientationPortrait UIInterfaceOrientationPortraitUpsideDown UIInterfaceOrientationLandscapeLeft UIInterfaceOrientationLandscapeRight";
				INFOPLIST_KEY_UISupportedInterfaceOrientations_iPhone = "UIInterfaceOrientationPortrait UIInterfaceOrientationLandscapeLeft UIInterfaceOrientationLandscapeRight";
				LD_RUNPATH_SEARCH_PATHS = (
					"$(inherited)",
					"@executable_path/Frameworks",
				);
				MARKETING_VERSION = 1.0;
				PRODUCT_BUNDLE_IDENTIFIER = com.pega.mobilesdk.example.mockedapp.SampleMockedApp;
				PRODUCT_NAME = "$(TARGET_NAME)";
				SWIFT_EMIT_LOC_STRINGS = YES;
				SWIFT_VERSION = 5.0;
				TARGETED_DEVICE_FAMILY = "1,2";
			};
			name = Debug;
		};
		594E51252D9C3ED7005DD047 /* Release */ = {
			isa = XCBuildConfiguration;
			buildSettings = {
				ASSETCATALOG_COMPILER_APPICON_NAME = AppIcon;
				ASSETCATALOG_COMPILER_GLOBAL_ACCENT_COLOR_NAME = AccentColor;
				CODE_SIGN_STYLE = Automatic;
				CURRENT_PROJECT_VERSION = 1;
				GENERATE_INFOPLIST_FILE = YES;
				INFOPLIST_FILE = SampleMockedApp/Info.plist;
				INFOPLIST_KEY_UIApplicationSupportsIndirectInputEvents = YES;
				INFOPLIST_KEY_UILaunchStoryboardName = LaunchScreen;
				INFOPLIST_KEY_UIMainStoryboardFile = Main;
				INFOPLIST_KEY_UISupportedInterfaceOrientations_iPad = "UIInterfaceOrientationPortrait UIInterfaceOrientationPortraitUpsideDown UIInterfaceOrientationLandscapeLeft UIInterfaceOrientationLandscapeRight";
				INFOPLIST_KEY_UISupportedInterfaceOrientations_iPhone = "UIInterfaceOrientationPortrait UIInterfaceOrientationLandscapeLeft UIInterfaceOrientationLandscapeRight";
				LD_RUNPATH_SEARCH_PATHS = (
					"$(inherited)",
					"@executable_path/Frameworks",
				);
				MARKETING_VERSION = 1.0;
				PRODUCT_BUNDLE_IDENTIFIER = com.pega.mobilesdk.example.mockedapp.SampleMockedApp;
				PRODUCT_NAME = "$(TARGET_NAME)";
				SWIFT_EMIT_LOC_STRINGS = YES;
				SWIFT_VERSION = 5.0;
				TARGETED_DEVICE_FAMILY = "1,2";
			};
			name = Release;
		};
		594E51262D9C3ED7005DD047 /* Debug */ = {
			isa = XCBuildConfiguration;
			buildSettings = {
				ALWAYS_SEARCH_USER_PATHS = NO;
				ASSETCATALOG_COMPILER_GENERATE_SWIFT_ASSET_SYMBOL_EXTENSIONS = YES;
				CLANG_ANALYZER_NONNULL = YES;
				CLANG_ANALYZER_NUMBER_OBJECT_CONVERSION = YES_AGGRESSIVE;
				CLANG_CXX_LANGUAGE_STANDARD = "gnu++20";
				CLANG_ENABLE_MODULES = YES;
				CLANG_ENABLE_OBJC_ARC = YES;
				CLANG_ENABLE_OBJC_WEAK = YES;
				CLANG_WARN_BLOCK_CAPTURE_AUTORELEASING = YES;
				CLANG_WARN_BOOL_CONVERSION = YES;
				CLANG_WARN_COMMA = YES;
				CLANG_WARN_CONSTANT_CONVERSION = YES;
				CLANG_WARN_DEPRECATED_OBJC_IMPLEMENTATIONS = YES;
				CLANG_WARN_DIRECT_OBJC_ISA_USAGE = YES_ERROR;
				CLANG_WARN_DOCUMENTATION_COMMENTS = YES;
				CLANG_WARN_EMPTY_BODY = YES;
				CLANG_WARN_ENUM_CONVERSION = YES;
				CLANG_WARN_INFINITE_RECURSION = YES;
				CLANG_WARN_INT_CONVERSION = YES;
				CLANG_WARN_NON_LITERAL_NULL_CONVERSION = YES;
				CLANG_WARN_OBJC_IMPLICIT_RETAIN_SELF = YES;
				CLANG_WARN_OBJC_LITERAL_CONVERSION = YES;
				CLANG_WARN_OBJC_ROOT_CLASS = YES_ERROR;
				CLANG_WARN_QUOTED_INCLUDE_IN_FRAMEWORK_HEADER = YES;
				CLANG_WARN_RANGE_LOOP_ANALYSIS = YES;
				CLANG_WARN_STRICT_PROTOTYPES = YES;
				CLANG_WARN_SUSPICIOUS_MOVE = YES;
				CLANG_WARN_UNGUARDED_AVAILABILITY = YES_AGGRESSIVE;
				CLANG_WARN_UNREACHABLE_CODE = YES;
				CLANG_WARN__DUPLICATE_METHOD_MATCH = YES;
				COPY_PHASE_STRIP = NO;
				DEBUG_INFORMATION_FORMAT = dwarf;
				ENABLE_STRICT_OBJC_MSGSEND = YES;
				ENABLE_TESTABILITY = YES;
				ENABLE_USER_SCRIPT_SANDBOXING = YES;
				GCC_C_LANGUAGE_STANDARD = gnu17;
				GCC_DYNAMIC_NO_PIC = NO;
				GCC_NO_COMMON_BLOCKS = YES;
				GCC_OPTIMIZATION_LEVEL = 0;
				GCC_PREPROCESSOR_DEFINITIONS = (
					"DEBUG=1",
					"$(inherited)",
				);
				GCC_WARN_64_TO_32_BIT_CONVERSION = YES;
				GCC_WARN_ABOUT_RETURN_TYPE = YES_ERROR;
				GCC_WARN_UNDECLARED_SELECTOR = YES;
				GCC_WARN_UNINITIALIZED_AUTOS = YES_AGGRESSIVE;
				GCC_WARN_UNUSED_FUNCTION = YES;
				GCC_WARN_UNUSED_VARIABLE = YES;
				IPHONEOS_DEPLOYMENT_TARGET = 18.0;
				LOCALIZATION_PREFERS_STRING_CATALOGS = YES;
				MTL_ENABLE_DEBUG_INFO = INCLUDE_SOURCE;
				MTL_FAST_MATH = YES;
				ONLY_ACTIVE_ARCH = YES;
				SDKROOT = iphoneos;
				SWIFT_ACTIVE_COMPILATION_CONDITIONS = "DEBUG $(inherited)";
				SWIFT_OPTIMIZATION_LEVEL = "-Onone";
			};
			name = Debug;
		};
		594E51272D9C3ED7005DD047 /* Release */ = {
			isa = XCBuildConfiguration;
			buildSettings = {
				ALWAYS_SEARCH_USER_PATHS = NO;
				ASSETCATALOG_COMPILER_GENERATE_SWIFT_ASSET_SYMBOL_EXTENSIONS = YES;
				CLANG_ANALYZER_NONNULL = YES;
				CLANG_ANALYZER_NUMBER_OBJECT_CONVERSION = YES_AGGRESSIVE;
				CLANG_CXX_LANGUAGE_STANDARD = "gnu++20";
				CLANG_ENABLE_MODULES = YES;
				CLANG_ENABLE_OBJC_ARC = YES;
				CLANG_ENABLE_OBJC_WEAK = YES;
				CLANG_WARN_BLOCK_CAPTURE_AUTORELEASING = YES;
				CLANG_WARN_BOOL_CONVERSION = YES;
				CLANG_WARN_COMMA = YES;
				CLANG_WARN_CONSTANT_CONVERSION = YES;
				CLANG_WARN_DEPRECATED_OBJC_IMPLEMENTATIONS = YES;
				CLANG_WARN_DIRECT_OBJC_ISA_USAGE = YES_ERROR;
				CLANG_WARN_DOCUMENTATION_COMMENTS = YES;
				CLANG_WARN_EMPTY_BODY = YES;
				CLANG_WARN_ENUM_CONVERSION = YES;
				CLANG_WARN_INFINITE_RECURSION = YES;
				CLANG_WARN_INT_CONVERSION = YES;
				CLANG_WARN_NON_LITERAL_NULL_CONVERSION = YES;
				CLANG_WARN_OBJC_IMPLICIT_RETAIN_SELF = YES;
				CLANG_WARN_OBJC_LITERAL_CONVERSION = YES;
				CLANG_WARN_OBJC_ROOT_CLASS = YES_ERROR;
				CLANG_WARN_QUOTED_INCLUDE_IN_FRAMEWORK_HEADER = YES;
				CLANG_WARN_RANGE_LOOP_ANALYSIS = YES;
				CLANG_WARN_STRICT_PROTOTYPES = YES;
				CLANG_WARN_SUSPICIOUS_MOVE = YES;
				CLANG_WARN_UNGUARDED_AVAILABILITY = YES_AGGRESSIVE;
				CLANG_WARN_UNREACHABLE_CODE = YES;
				CLANG_WARN__DUPLICATE_METHOD_MATCH = YES;
				COPY_PHASE_STRIP = NO;
				DEBUG_INFORMATION_FORMAT = "dwarf-with-dsym";
				ENABLE_NS_ASSERTIONS = NO;
				ENABLE_STRICT_OBJC_MSGSEND = YES;
				ENABLE_USER_SCRIPT_SANDBOXING = YES;
				GCC_C_LANGUAGE_STANDARD = gnu17;
				GCC_NO_COMMON_BLOCKS = YES;
				GCC_WARN_64_TO_32_BIT_CONVERSION = YES;
				GCC_WARN_ABOUT_RETURN_TYPE = YES_ERROR;
				GCC_WARN_UNDECLARED_SELECTOR = YES;
				GCC_WARN_UNINITIALIZED_AUTOS = YES_AGGRESSIVE;
				GCC_WARN_UNUSED_FUNCTION = YES;
				GCC_WARN_UNUSED_VARIABLE = YES;
				IPHONEOS_DEPLOYMENT_TARGET = 18.0;
				LOCALIZATION_PREFERS_STRING_CATALOGS = YES;
				MTL_ENABLE_DEBUG_INFO = NO;
				MTL_FAST_MATH = YES;
				SDKROOT = iphoneos;
				SWIFT_COMPILATION_MODE = wholemodule;
				VALIDATE_PRODUCT = YES;
			};
			name = Release;
		};
		594E512C2D9C3ED7005DD047 /* Debug */ = {
			isa = XCBuildConfiguration;
			buildSettings = {
				CODE_SIGN_STYLE = Automatic;
				CURRENT_PROJECT_VERSION = 1;
				GENERATE_INFOPLIST_FILE = YES;
				MARKETING_VERSION = 1.0;
				PRODUCT_BUNDLE_IDENTIFIER = com.pega.mobilesdk.example.mockedapp.SampleMockedAppUITests;
				PRODUCT_NAME = "$(TARGET_NAME)";
				SWIFT_EMIT_LOC_STRINGS = NO;
				SWIFT_VERSION = 5.0;
				TARGETED_DEVICE_FAMILY = "1,2";
				TEST_TARGET_NAME = SampleMockedApp;
			};
			name = Debug;
		};
		594E512D2D9C3ED7005DD047 /* Release */ = {
			isa = XCBuildConfiguration;
			buildSettings = {
				CODE_SIGN_STYLE = Automatic;
				CURRENT_PROJECT_VERSION = 1;
				GENERATE_INFOPLIST_FILE = YES;
				MARKETING_VERSION = 1.0;
				PRODUCT_BUNDLE_IDENTIFIER = com.pega.mobilesdk.example.mockedapp.SampleMockedAppUITests;
				PRODUCT_NAME = "$(TARGET_NAME)";
				SWIFT_EMIT_LOC_STRINGS = NO;
				SWIFT_VERSION = 5.0;
				TARGETED_DEVICE_FAMILY = "1,2";
				TEST_TARGET_NAME = SampleMockedApp;
			};
			name = Release;
		};
/* End XCBuildConfiguration section */

/* Begin XCConfigurationList section */
		594E50F52D9C3ED3005DD047 /* Build configuration list for PBXProject "SampleMockedApp" */ = {
			isa = XCConfigurationList;
			buildConfigurations = (
				594E51262D9C3ED7005DD047 /* Debug */,
				594E51272D9C3ED7005DD047 /* Release */,
			);
			defaultConfigurationIsVisible = 0;
			defaultConfigurationName = Release;
		};
		594E51232D9C3ED7005DD047 /* Build configuration list for PBXNativeTarget "SampleMockedApp" */ = {
			isa = XCConfigurationList;
			buildConfigurations = (
				594E51242D9C3ED7005DD047 /* Debug */,
				594E51252D9C3ED7005DD047 /* Release */,
			);
			defaultConfigurationIsVisible = 0;
			defaultConfigurationName = Release;
		};
		594E512B2D9C3ED7005DD047 /* Build configuration list for PBXNativeTarget "SampleMockedAppUITests" */ = {
			isa = XCConfigurationList;
			buildConfigurations = (
				594E512C2D9C3ED7005DD047 /* Debug */,
				594E512D2D9C3ED7005DD047 /* Release */,
			);
			defaultConfigurationIsVisible = 0;
			defaultConfigurationName = Release;
		};
/* End XCConfigurationList section */
	};
	rootObject = 594E50F22D9C3ED3005DD047 /* Project object */;
}
